
Microsoft Visual Studio Solution File, Format Version 12.00
# Visual Studio Version 16
VisualStudioVersion = 16.0.30323.103
MinimumVisualStudioVersion = 10.0.40219.1
Project("{888888A0-9F3D-457C-B088-3A5042F75D52}") = "biltemakorv.github.io", "biltemakorv.github.io.pyproj", "{6306BD7B-8CF8-49F4-A6E2-EF0E263A900C}"
EndProject
Global
	GlobalSection(SolutionConfigurationPlatforms) = preSolution
		Debug|Any CPU = Debug|Any CPU
		Release|Any CPU = Release|Any CPU
	EndGlobalSection
	GlobalSection(ProjectConfigurationPlatforms) = postSolution
		{6306BD7B-8CF8-49F4-A6E2-EF0E263A900C}.Debug|Any CPU.ActiveCfg = Debug|Any CPU
		{6306BD7B-8CF8-49F4-A6E2-EF0E263A900C}.Debug|Any CPU.Build.0 = Debug|Any CPU
		{6306BD7B-8CF8-49F4-A6E2-EF0E263A900C}.Release|Any CPU.ActiveCfg = Release|Any CPU
		{6306BD7B-8CF8-49F4-A6E2-EF0E263A900C}.Release|Any CPU.Build.0 = Release|Any CPU
	EndGlobalSection
	GlobalSection(SolutionProperties) = preSolution
		HideSolutionNode = FALSE
	EndGlobalSection
	GlobalSection(ExtensibilityGlobals) = postSolution
		SolutionGuid = {5B77DF69-DF4E-4703-B6E9-A73BAA102782}
	EndGlobalSection
EndGlobal
